PODS:
  - SnapKit (4.0.0)
  - SwiftyJSON (4.1.0)

DEPENDENCIES:
  - SnapKit (~> 4.0.0)
  - SwiftyJSON

SPEC REPOS:
  https://github.com/cocoapods/specs.git:
    - SnapKit
    - SwiftyJSON

SPEC CHECKSUMS:
  SnapKit: a42d492c16e80209130a3379f73596c3454b7694
  SwiftyJSON: c29297daf073d2aa016295d5809cdd68045c39b3

PODFILE CHECKSUM: 5d726b92885b840633609129a7ebae3e02acdb5d

COCOAPODS: 1.5.2
